cloud.google.com/go v0.34.0/go.mod h1:aQUYkXzVsufM+DwF1aE+0xfcU+56JwCaLick0ClmMTw=
cloud.google.com/go v0.110.0/go.mod h1:SJnCLqQ0FCFGSZMUNUf84MV3Aia54kn7pi8st7tMzaY=
cloud.google.com/go/accessapproval v1.6.0/go.mod h1:R0EiYnwV5fsRFiKZkPHr6mwyk2wxUJ30nL4j2pcFY2E=
cloud.google.com/go/accesscontextmanager v1.7.0/go.mod h1:CEGLewx8dwa33aDAZQujl7Dx+uYhS0eay198wB/VumQ=
cloud.google.com/go/aiplatform v1.37.0/go.mod h1:IU2Cv29Lv9oCn/9LkFiiuKfwrRTq+QQMbW+hPCxJGZw=
cloud.google.com/go/analytics v0.19.0/go.mod h1:k8liqf5/HCnOUkbawNtrWWc+UAzyDlW89doe8TtoDsE=
cloud.google.com/go/apigateway v1.5.0/go.mod h1:GpnZR3Q4rR7LVu5951qfXPJCHquZt02jf7xQx7kpqN8=
cloud.google.com/go/apigeeconnect v1.5.0/go.mod h1:KFaCqvBRU6idyhSNyn3vlHXc8VMDJdRmwDF6JyFRqZ8=
cloud.google.com/go/apigeeregistry v0.6.0/go.mod h1:BFNzW7yQVLZ3yj0TKcwzb8n25CFBri51GVGOEUcgQsc=
cloud.google.com/go/apikeys v0.6.0/go.mod h1:kbpXu5upyiAlGkKrJgQl8A0rKNNJ7dQ377pdroRSSi8=
cloud.google.com/go/appengine v1.7.1/go.mod h1:IHLToyb/3fKutRysUlFO0BPt5j7RiQ45nrzEJmKTo6E=
cloud.google.com/go/area120 v0.7.1/go.mod h1:j84i4E1RboTWjKtZVWXPqvK5VHQFJRF2c1Nm69pWm9k=
cloud.google.com/go/artifactregistry v1.13.0/go.mod h1:uy/LNfoOIivepGhooAUpL1i30Hgee3Cu0l4VTWHUC08=
cloud.google.com/go/asset v1.13.0/go.mod h1:WQAMyYek/b7NBpYq/K4KJWcRqzoalEsxz/t/dTk4THw=
cloud.google.com/go/assuredworkloads v1.10.0/go.mod h1:kwdUQuXcedVdsIaKgKTp9t0UJkE5+PAVNhdQm4ZVq2E=
cloud.google.com/go/automl v1.12.0/go.mod h1:tWDcHDp86aMIuHmyvjuKeeHEGq76lD7ZqfGLN6B0NuU=
cloud.google.com/go/baremetalsolution v0.5.0/go.mod h1:dXGxEkmR9BMwxhzBhV0AioD0ULBmuLZI8CdwalUxuss=
cloud.google.com/go/batch v0.7.0/go.mod h1:vLZN95s6teRUqRQ4s3RLDsH8PvboqBK+rn1oevL159g=
cloud.google.com/go/beyondcorp v0.5.0/go.mod h1:uFqj9X+dSfrheVp7ssLTaRHd2EHqSL4QZmH4e8WXGGU=
cloud.google.com/go/bigquery v1.50.0/go.mod h1:YrleYEh2pSEbgTBZYMJ5SuSr0ML3ypjRB1zgf7pvQLU=
cloud.google.com/go/billing v1.13.0/go.mod h1:7kB2W9Xf98hP9Sr12KfECgfGclsH3CQR0R08tnRlRbc=
cloud.google.com/go/binaryauthorization v1.5.0/go.mod h1:OSe4OU1nN/VswXKRBmciKpo9LulY41gch5c68htf3/Q=
cloud.google.com/go/certificatemanager v1.6.0/go.mod h1:3Hh64rCKjRAX8dXgRAyOcY5vQ/fE1sh8o+Mdd6KPgY8=
cloud.google.com/go/channel v1.12.0/go.mod h1:VkxCGKASi4Cq7TbXxlaBezonAYpp1GCnKMY6tnMQnLU=
cloud.google.com/go/cloudbuild v1.9.0/go.mod h1:qK1d7s4QlO0VwfYn5YuClDGg2hfmLZEb4wQGAbIgL1s=
cloud.google.com/go/clouddms v1.5.0/go.mod h1:QSxQnhikCLUw13iAbffF2CZxAER3xDGNHjsTAkQJcQA=
cloud.google.com/go/cloudtasks v1.10.0/go.mod h1:NDSoTLkZ3+vExFEWu2UJV1arUyzVDAiZtdWcsUyNwBs=
cloud.google.com/go/compute v1.19.1/go.mod h1:6ylj3a05WF8leseCdIf77NK0g1ey+nj5IKd5/kvShxE=
cloud.google.com/go/compute/metadata v0.2.3/go.mod h1:VAV5nSsACxMJvgaAuX6Pk2AawlZn8kiOGuCv6gTkwuA=
cloud.google.com/go/contactcenterinsights v1.6.0/go.mod h1:IIDlT6CLcDoyv79kDv8iWxMSTZhLxSCofVV5W6YFM/w=
cloud.google.com/go/container v1.15.0/go.mod h1:ft+9S0WGjAyjDggg5S06DXj+fHJICWg8L7isCQe9pQA=
cloud.google.com/go/containeranalysis v0.9.0/go.mod h1:orbOANbwk5Ejoom+s+DUCTTJ7IBdBQJDcSylAx/on9s=
cloud.google.com/go/datacatalog v1.13.0/go.mod h1:E4Rj9a5ZtAxcQJlEBTLgMTphfP11/lNaAshpoBgemX8=
cloud.google.com/go/dataflow v0.8.0/go.mod h1:Rcf5YgTKPtQyYz8bLYhFoIV/vP39eL7fWNcSOyFfLJE=
cloud.google.com/go/dataform v0.7.0/go.mod h1:7NulqnVozfHvWUBpMDfKMUESr+85aJsC/2O0o3jWPDE=
cloud.google.com/go/datafusion v1.6.0/go.mod h1:WBsMF8F1RhSXvVM8rCV3AeyWVxcC2xY6vith3iw3S+8=
cloud.google.com/go/datalabeling v0.7.0/go.mod h1:WPQb1y08RJbmpM3ww0CSUAGweL0SxByuW2E+FU+wXcM=
cloud.google.com/go/dataplex v1.6.0/go.mod h1:bMsomC/aEJOSpHXdFKFGQ1b0TDPIeL28nJObeO1ppRs=
cloud.google.com/go/dataproc v1.12.0/go.mod h1:zrF3aX0uV3ikkMz6z4uBbIKyhRITnxvr4i3IjKsKrw4=
cloud.google.com/go/dataqna v0.7.0/go.mod h1:Lx9OcIIeqCrw1a6KdO3/5KMP1wAmTc0slZWwP12Qq3c=
cloud.google.com/go/datastore v1.11.0/go.mod h1:TvGxBIHCS50u8jzG+AW/ppf87v1of8nwzFNgEZU1D3c=
cloud.google.com/go/datastream v1.7.0/go.mod h1:uxVRMm2elUSPuh65IbZpzJNMbuzkcvu5CjMqVIUHrww=
cloud.google.com/go/deploy v1.8.0/go.mod h1:z3myEJnA/2wnB4sgjqdMfgxCA0EqC3RBTNcVPs93mtQ=
cloud.google.com/go/dialogflow v1.32.0/go.mod h1:jG9TRJl8CKrDhMEcvfcfFkkpp8ZhgPz3sBGmAUYJ2qE=
cloud.google.com/go/dlp v1.9.0/go.mod h1:qdgmqgTyReTz5/YNSSuueR8pl7hO0o9bQ39ZhtgkWp4=
cloud.google.com/go/documentai v1.18.0/go.mod h1:F6CK6iUH8J81FehpskRmhLq/3VlwQvb7TvwOceQ2tbs=
cloud.google.com/go/domains v0.8.0/go.mod h1:M9i3MMDzGFXsydri9/vW+EWz9sWb4I6WyHqdlAk0idE=
cloud.google.com/go/edgecontainer v1.0.0/go.mod h1:cttArqZpBB2q58W/upSG++ooo6EsblxDIolxa3jSjbY=
cloud.google.com/go/errorreporting v0.3.0/go.mod h1:xsP2yaAp+OAW4OIm60An2bbLpqIhKXdWR/tawvl7QzU=
cloud.google.com/go/essentialcontacts v1.5.0/go.mod h1:ay29Z4zODTuwliK7SnX8E86aUF2CTzdNtvv42niCX0M=
cloud.google.com/go/eventarc v1.11.0/go.mod h1:PyUjsUKPWoRBCHeOxZd/lbOOjahV41icXyUY5kSTvVY=
cloud.google.com/go/filestore v1.6.0/go.mod h1:di5unNuss/qfZTw2U9nhFqo8/ZDSc466dre85Kydllg=
cloud.google.com/go/firestore v1.9.0/go.mod h1:HMkjKHNTtRyZNiMzu7YAsLr9K3X2udY2AMwDaMEQiiE=
cloud.google.com/go/functions v1.13.0/go.mod h1:EU4O007sQm6Ef/PwRsI8N2umygGqPBS/IZQKBQBcJ3c=
cloud.google.com/go/gaming v1.9.0/go.mod h1:Fc7kEmCObylSWLO334NcO+O9QMDyz+TKC4v1D7X+Bc0=
cloud.google.com/go/gkebackup v0.4.0/go.mod h1:byAyBGUwYGEEww7xsbnUTBHIYcOPy/PgUWUtOeRm9Vg=
cloud.google.com/go/gkeconnect v0.7.0/go.mod h1:SNfmVqPkaEi3bF/B3CNZOAYPYdg7sU+obZ+QTky2Myw=
cloud.google.com/go/gkehub v0.12.0/go.mod h1:djiIwwzTTBrF5NaXCGv3mf7klpEMcST17VBTVVDcuaw=
cloud.google.com/go/gkemulticloud v0.5.0/go.mod h1:W0JDkiyi3Tqh0TJr//y19wyb1yf8llHVto2Htf2Ja3Y=
cloud.google.com/go/gsuiteaddons v1.5.0/go.mod h1:TFCClYLd64Eaa12sFVmUyG62tk4mdIsI7pAnSXRkcFo=
cloud.google.com/go/iam v0.13.0/go.mod h1:ljOg+rcNfzZ5d6f1nAUJ8ZIxOaZUVoS14bKCtaLZ/D0=
cloud.google.com/go/iap v1.7.1/go.mod h1:WapEwPc7ZxGt2jFGB/C/bm+hP0Y6NXzOYGjpPnmMS74=
cloud.google.com/go/ids v1.3.0/go.mod h1:JBdTYwANikFKaDP6LtW5JAi4gubs57SVNQjemdt6xV4=
cloud.google.com/go/iot v1.6.0/go.mod h1:IqdAsmE2cTYYNO1Fvjfzo9po179rAtJeVGUvkLN3rLE=
cloud.google.com/go/kms v1.10.1/go.mod h1:rIWk/TryCkR59GMC3YtHtXeLzd634lBbKenvyySAyYI=
cloud.google.com/go/language v1.9.0/go.mod h1:Ns15WooPM5Ad/5no/0n81yUetis74g3zrbeJBE+ptUY=
cloud.google.com/go/lifesciences v0.8.0/go.mod h1:lFxiEOMqII6XggGbOnKiyZ7IBwoIqA84ClvoezaA/bo=
cloud.google.com/go/logging v1.7.0/go.mod h1:3xjP2CjkM3ZkO73aj4ASA5wRPGGCRrPIAeNqVNkzY8M=
cloud.google.com/go/longrunning v0.4.1/go.mod h1:4iWDqhBZ70CvZ6BfETbvam3T8FMvLK+eFj0E6AaRQTo=
cloud.google.com/go/managedidentities v1.5.0/go.mod h1:+dWcZ0JlUmpuxpIDfyP5pP5y0bLdRwOS4Lp7gMni/LA=
cloud.google.com/go/maps v0.7.0/go.mod h1:3GnvVl3cqeSvgMcpRlQidXsPYuDGQ8naBis7MVzpXsY=
cloud.google.com/go/mediatranslation v0.7.0/go.mod h1:LCnB/gZr90ONOIQLgSXagp8XUW1ODs2UmUMvcgMfI2I=
cloud.google.com/go/memcache v1.9.0/go.mod h1:8oEyzXCu+zo9RzlEaEjHl4KkgjlNDaXbCQeQWlzNFJM=
cloud.google.com/go/metastore v1.10.0/go.mod h1:fPEnH3g4JJAk+gMRnrAnoqyv2lpUCqJPWOodSaf45Eo=
cloud.google.com/go/monitoring v1.13.0/go.mod h1:k2yMBAB1H9JT/QETjNkgdCGD9bPF712XiLTVr+cBrpw=
cloud.google.com/go/networkconnectivity v1.11.0/go.mod h1:iWmDD4QF16VCDLXUqvyspJjIEtBR/4zq5hwnY2X3scM=
cloud.google.com/go/networkmanagement v1.6.0/go.mod h1:5pKPqyXjB/sgtvB5xqOemumoQNB7y95Q7S+4rjSOPYY=
cloud.google.com/go/networksecurity v0.8.0/go.mod h1:B78DkqsxFG5zRSVuwYFRZ9Xz8IcQ5iECsNrPn74hKHU=
cloud.google.com/go/notebooks v1.8.0/go.mod h1:Lq6dYKOYOWUCTvw5t2q1gp1lAp0zxAxRycayS0iJcqQ=
cloud.google.com/go/optimization v1.3.1/go.mod h1:IvUSefKiwd1a5p0RgHDbWCIbDFgKuEdB+fPPuP0IDLI=
cloud.google.com/go/orchestration v1.6.0/go.mod h1:M62Bevp7pkxStDfFfTuCOaXgaaqRAga1yKyoMtEoWPQ=
cloud.google.com/go/orgpolicy v1.10.0/go.mod h1:w1fo8b7rRqlXlIJbVhOMPrwVljyuW5mqssvBtU18ONc=
cloud.google.com/go/osconfig v1.11.0/go.mod h1:aDICxrur2ogRd9zY5ytBLV89KEgT2MKB2L/n6x1ooPw=
cloud.google.com/go/oslogin v1.9.0/go.mod h1:HNavntnH8nzrn8JCTT5fj18FuJLFJc4NaZJtBnQtKFs=
cloud.google.com/go/phishingprotection v0.7.0/go.mod h1:8qJI4QKHoda/sb/7/YmMQ2omRLSLYSu9bU0EKCNI+Lk=
cloud.google.com/go/policytroubleshooter v1.6.0/go.mod h1:zYqaPTsmfvpjm5ULxAyD/lINQxJ0DDsnWOP/GZ7xzBc=
cloud.google.com/go/privatecatalog v0.8.0/go.mod h1:nQ6pfaegeDAq/Q5lrfCQzQLhubPiZhSaNhIgfJlnIXs=
cloud.google.com/go/pubsub v1.30.0/go.mod h1:qWi1OPS0B+b5L+Sg6Gmc9zD1Y+HaM0MdUr7LsupY1P4=
cloud.google.com/go/pubsublite v1.7.0/go.mod h1:8hVMwRXfDfvGm3fahVbtDbiLePT3gpoiJYJY+vxWxVM=
cloud.google.com/go/recaptchaenterprise/v2 v2.7.0/go.mod h1:19wVj/fs5RtYtynAPJdDTb69oW0vNHYDBTbB4NvMD9c=
cloud.google.com/go/recommendationengine v0.7.0/go.mod h1:1reUcE3GIu6MeBz/h5xZJqNLuuVjNg1lmWMPyjatzac=
cloud.google.com/go/recommender v1.9.0/go.mod h1:PnSsnZY7q+VL1uax2JWkt/UegHssxjUVVCrX52CuEmQ=
cloud.google.com/go/redis v1.11.0/go.mod h1:/X6eicana+BWcUda5PpwZC48o37SiFVTFSs0fWAJ7uQ=
cloud.google.com/go/resourcemanager v1.7.0/go.mod h1:HlD3m6+bwhzj9XCouqmeiGuni95NTrExfhoSrkC/3EI=
cloud.google.com/go/resourcesettings v1.5.0/go.mod h1:+xJF7QSG6undsQDfsCJyqWXyBwUoJLhetkRMDRnIoXA=
cloud.google.com/go/retail v1.12.0/go.mod h1:UMkelN/0Z8XvKymXFbD4EhFJlYKRx1FGhQkVPU5kF14=
cloud.google.com/go/run v0.9.0/go.mod h1:Wwu+/vvg8Y+JUApMwEDfVfhetv30hCG4ZwDR/IXl2Qg=
cloud.google.com/go/scheduler v1.9.0/go.mod h1:yexg5t+KSmqu+njTIh3b7oYPheFtBWGcbVUYF1GGMIc=
cloud.google.com/go/secretmanager v1.10.0/go.mod h1:MfnrdvKMPNra9aZtQFvBcvRU54hbPD8/HayQdlUgJpU=
cloud.google.com/go/security v1.13.0/go.mod h1:Q1Nvxl1PAgmeW0y3HTt54JYIvUdtcpYKVfIB8AOMZ+0=
cloud.google.com/go/securitycenter v1.19.0/go.mod h1:LVLmSg8ZkkyaNy4u7HCIshAngSQ8EcIRREP3xBnyfag=
cloud.google.com/go/servicecontrol v1.11.1/go.mod h1:aSnNNlwEFBY+PWGQ2DoM0JJ/QUXqV5/ZD9DOLB7SnUk=
cloud.google.com/go/servicedirectory v1.9.0/go.mod h1:29je5JjiygNYlmsGz8k6o+OZ8vd4f//bQLtvzkPPT/s=
cloud.google.com/go/servicemanagement v1.8.0/go.mod h1:MSS2TDlIEQD/fzsSGfCdJItQveu9NXnUniTrq/L8LK4=
cloud.google.com/go/serviceusage v1.6.0/go.mod h1:R5wwQcbOWsyuOfbP9tGdAnCAc6B9DRwPG1xtWMDeuPA=
cloud.google.com/go/shell v1.6.0/go.mod h1:oHO8QACS90luWgxP3N9iZVuEiSF84zNyLytb+qE2f9A=
cloud.google.com/go/spanner v1.45.0/go.mod h1:FIws5LowYz8YAE1J8fOS7DJup8ff7xJeetWEo5REA2M=
cloud.google.com/go/speech v1.15.0/go.mod h1:y6oH7GhqCaZANH7+Oe0BhgIogsNInLlz542tg3VqeYI=
cloud.google.com/go/storagetransfer v1.8.0/go.mod h1:JpegsHHU1eXg7lMHkvf+KE5XDJ7EQu0GwNJbbVGanEw=
cloud.google.com/go/talent v1.5.0/go.mod h1:G+ODMj9bsasAEJkQSzO2uHQWXHHXUomArjWQQYkqK6c=
cloud.google.com/go/texttospeech v1.6.0/go.mod h1:YmwmFT8pj1aBblQOI3TfKmwibnsfvhIBzPXcW4EBovc=
cloud.google.com/go/tpu v1.5.0/go.mod h1:8zVo1rYDFuW2l4yZVY0R0fb/v44xLh3llq7RuV61fPM=
cloud.google.com/go/trace v1.9.0/go.mod h1:lOQqpE5IaWY0Ixg7/r2SjixMuc6lfTFeO4QGM4dQWOk=
cloud.google.com/go/translate v1.7.0/go.mod h1:lMGRudH1pu7I3n3PETiOB2507gf3HnfLV8qlkHZEyos=
cloud.google.com/go/video v1.15.0/go.mod h1:SkgaXwT+lIIAKqWAJfktHT/RbgjSuY6DobxEp0C5yTQ=
cloud.google.com/go/videointelligence v1.10.0/go.mod h1:LHZngX1liVtUhZvi2uNS0VQuOzNi2TkY1OakiuoUOjU=
cloud.google.com/go/vision/v2 v2.7.0/go.mod h1:H89VysHy21avemp6xcf9b9JvZHVehWbET0uT/bcuY/0=
cloud.google.com/go/vmmigration v1.6.0/go.mod h1:bopQ/g4z+8qXzichC7GW1w2MjbErL54rk3/C843CjfY=
cloud.google.com/go/vmwareengine v0.3.0/go.mod h1:wvoyMvNWdIzxMYSpH/R7y2h5h3WFkx6d+1TIsP39WGY=
cloud.google.com/go/vpcaccess v1.6.0/go.mod h1:wX2ILaNhe7TlVa4vC5xce1bCnqE3AeH27RV31lnmZes=
cloud.google.com/go/webrisk v1.8.0/go.mod h1:oJPDuamzHXgUc+b8SiHRcVInZQuybnvEW72PqTc7sSg=
cloud.google.com/go/websecurityscanner v1.5.0/go.mod h1:Y6xdCPy81yi0SQnDY1xdNTNpfY1oAgXUlcfN3B3eSng=
cloud.google.com/go/workflows v1.10.0/go.mod h1:fZ8LmRmZQWacon9UCX1r/g/DfAXx5VcPALq2CxzdePw=
github.com/Azure/azure-sdk-for-go/sdk/azcore v1.4.0 h1:rTnT/Jrcm+figWlYz4Ixzt0SJVR2cMC8lvZcimipiEY=
github.com/Azure/azure-sdk-for-go/sdk/azcore v1.4.0/go.mod h1:ON4tFdPTwRcgWEaVDrN3584Ef+b7GgSJaXxe5fW9t4M=
github.com/Azure/azure-sdk-for-go/sdk/azidentity v1.2.2 h1:uqM+VoHjVH6zdlkLF2b6O0ZANcHoj3rO0PoQ3jglUJA=
github.com/Azure/azure-sdk-for-go/sdk/azidentity v1.2.2/go.mod h1:twTKAa1E6hLmSDjLhaCkbTMQKc7p/rNLU40rLxGEOCI=
github.com/Azure/azure-sdk-for-go/sdk/internal v1.2.0 h1:leh5DwKv6Ihwi+h60uHtn6UWAxBbZ0q8DwQVMzf61zw=
github.com/Azure/azure-sdk-for-go/sdk/internal v1.2.0/go.mod h1:eWRD7oawr1Mu1sLCawqVc0CUiF43ia3qQMxLscsKQ9w=
github.com/AzureAD/microsoft-authentication-library-for-go v0.9.0 h1:UE9n9rkJF62ArLb1F3DEjRt8O3jLwMWdSoypKV4f3MU=
github.com/AzureAD/microsoft-authentication-library-for-go v0.9.0/go.mod h1:kgDmCTgBzIEPFElEF+FK0SdjAor06dRq2Go927dnQ6o=
github.com/Microsoft/go-winio v0.4.14/go.mod h1:qXqCSQ3Xa7+6tgxaGTIe4Kpcdsi+P8jBhyzoq1bpyYA=
github.com/Microsoft/go-winio v0.4.16 h1:FtSW/jqD+l4ba5iPBj9CODVtgfYAD8w2wS923g/cFDk=
github.com/Microsoft/go-winio v0.4.16/go.mod h1:XB6nPKklQyQ7GC9LdcBEcBl8PF76WugXOPRXwdLnMv0=
github.com/ProtonMail/go-crypto v0.0.0-20210428141323-04723f9f07d7 h1:YoJbenK9C67SkzkDfmQuVln04ygHj3vjZfd9FL+GmQQ=
github.com/ProtonMail/go-crypto v0.0.0-20210428141323-04723f9f07d7/go.mod h1:z4/9nQmJSSwwds7ejkxaJwO37dru3geImFUdJlaLzQo=
github.com/acomagu/bufpipe v1.0.3 h1:fxAGrHZTgQ9w5QqVItgzwj235/uYZYgbXitB+dLupOk=
github.com/acomagu/bufpipe v1.0.3/go.mod h1:mxdxdup/WdsKVreO5GpW4+M/1CE2sMG4jeGJ2sYmHc4=
github.com/agext/levenshtein v1.2.2 h1:0S/Yg6LYmFJ5stwQeRp6EeOcCbj7xiqQSdNelsXvaqE=
github.com/agext/levenshtein v1.2.2/go.mod h1:JEDfjyjHDjOF/1e4FlBE/PkbqA9OfWu2ki2W0IB5558=
github.com/ahmetb/go-linq v3.0.0+incompatible h1:qQkjjOXKrKOTy83X8OpRmnKflXKQIL/mC/gMVVDMhOA=
github.com/ahmetb/go-linq v3.0.0+incompatible/go.mod h1:PFffvbdbtw+QTB0WKRP0cNht7vnCfnGlEpak/DVg5cY=
github.com/anmitsu/go-shlex v0.0.0-20161002113705-648efa622239/go.mod h1:2FmKhYUyUczH0OGQWaF5ceTx0UBShxjsH6f8oGKYe2c=
github.com/apparentlymart/go-cidr v1.1.0 h1:2mAhrMoF+nhXqxTzSZMUzDHkLjmIHC+Zzn4tdgBZjnU=
github.com/apparentlymart/go-cidr v1.1.0/go.mod h1:EBcsNrHc3zQeuaeCeCtQruQm+n9/YjEn/vI25Lg7Gwc=
github.com/apparentlymart/go-dump v0.0.0-20190214190832-042adf3cf4a0 h1:MzVXffFUye+ZcSR6opIgz9Co7WcDx6ZcY+RjfFHoA0I=
github.com/apparentlymart/go-dump v0.0.0-20190214190832-042adf3cf4a0/go.mod h1:oL81AME2rN47vu18xqj1S1jPIPuN7afo62yKTNn3XMM=
github.com/apparentlymart/go-textseg v1.0.0/go.mod h1:z96Txxhf3xSFMPmb5X/1W05FF/Nj9VFpLOpjS5yuumk=
github.com/apparentlymart/go-textseg/v12 v12.0.0/go.mod h1:S/4uRK2UtaQttw1GenVJEynmyUenKwP++x/+DdGV/Ec=
github.com/apparentlymart/go-textseg/v13 v13.0.0 h1:Y+KvPE1NYz0xl601PVImeQfFyEy6iT90AvPUL1NNfNw=
github.com/apparentlymart/go-textseg/v13 v13.0.0/go.mod h1:ZK2fH7c4NqDTLtiYLvIkEghdlcqw7yxLeM89kiTRPUo=
github.com/armon/go-socks5 v0.0.0-20160902184237-e75332964ef5/go.mod h1:wHh0iHkYZB8zMSxRWpUBQtwG5a7fFgvEO+odwuTv2gs=
github.com/census-instrumentation/opencensus-proto v0.4.1/go.mod h1:4T9NM4+4Vw91VeyqjLS6ao50K5bOcLKN6Q42XnYaRYw=
github.com/cespare/xxhash/v2 v2.2.0/go.mod h1:VGX0DQ3Q6kWi7AoAeZDth3/j3BFtOZR5XLFGgcrjCOs=
github.com/cncf/udpa/go v0.0.0-20220112060539-c52dc94e7fbe/go.mod h1:6pvJx4me5XPnfI9Z40ddWsdw2W/uZgQLFXToKeRcDiI=
github.com/cncf/xds/go v0.0.0-20230607035331-e9ce68804cb4/go.mod h1:eXthEFrGJvWHgFFCl3hGmgk+/aYT6PnTQLykKQRLhEs=
github.com/creack/pty v1.1.9/go.mod h1:oKZEueFk5CKHvIhNR5MUki03XCEU+Q6VDXinZuGJ33E=
github.com/davecgh/go-spew v1.1.0/go.mod h1:J7Y8YcW2NihsgmVo/mv3lAwl/skON4iLHjSsI+c5H38=
github.com/davecgh/go-spew v1.1.1 h1:vj9j/u1bqnvCEfJOwUhtlOARqs3+rkHYY13jYWTU97c=
github.com/davecgh/go-spew v1.1.1/go.mod h1:J7Y8YcW2NihsgmVo/mv3lAwl/skON4iLHjSsI+c5H38=
github.com/dnaeon/go-vcr v1.1.0 h1:ReYa/UBrRyQdant9B4fNHGoCNKw6qh6P0fsdGmZpR7c=
github.com/dnaeon/go-vcr v1.1.0/go.mod h1:M7tiix8f0r6mKKJ3Yq/kqU1OYf3MnfmBWVbPx/yU9ko=
github.com/emirpasic/gods v1.12.0 h1:QAUIPSaCu4G+POclxeqb3F+WPpdKqFGlw36+yOzGlrg=
github.com/emirpasic/gods v1.12.0/go.mod h1:YfzfFFoVP/catgzJb4IKIqXjX78Ha8FMSDh3ymbK86o=
github.com/envoyproxy/go-control-plane v0.11.1-0.20230524094728-9239064ad72f/go.mod h1:sfYdkwUW4BA3PbKjySwjJy+O4Pu0h62rlqCMHNk+K+Q=
github.com/envoyproxy/protoc-gen-validate v0.10.1/go.mod h1:DRjgyB0I43LtJapqN6NiRwroiAU2PaFuvk/vjgh61ss=
github.com/fatih/color v1.13.0 h1:8LOYc1KYPPmyKMuN8QV2DNRWNbLo6LZ0iLs8+mlH53w=
github.com/fatih/color v1.13.0/go.mod h1:kLAiJbzzSOZDVNGyDpeOxJ47H46qBXwg5ILebYFFOfk=
github.com/flynn/go-shlex v0.0.0-20150515145356-3f9db97f8568/go.mod h1:xEzjJPgXI435gkrCt3MPfRiAkVrwSbHsst4LCFVfpJc=
github.com/gliderlabs/ssh v0.2.2/go.mod h1:U7qILu1NlMHj9FlMhZLlkCdDnU1DBEAqr0aevW3Awn0=
github.com/go-git/gcfg v1.5.0 h1:Q5ViNfGF8zFgyJWPqYwA7qGFoMTEiBmdlkcfRmpIMa4=
github.com/go-git/gcfg v1.5.0/go.mod h1:5m20vg6GwYabIxaOonVkTdrILxQMpEShl1xiMF4ua+E=
github.com/go-git/go-billy/v5 v5.2.0/go.mod h1:pmpqyWchKfYfrkb/UVH4otLvyi/5gJlGI4Hb3ZqZ3W0=
github.com/go-git/go-billy/v5 v5.3.1 h1:CPiOUAzKtMRvolEKw+bG1PLRpT7D3LIs3/3ey4Aiu34=
github.com/go-git/go-billy/v5 v5.3.1/go.mod h1:pmpqyWchKfYfrkb/UVH4otLvyi/5gJlGI4Hb3ZqZ3W0=
github.com/go-git/go-git-fixtures/v4 v4.2.1/go.mod h1:K8zd3kDUAykwTdDCr+I0per6Y6vMiRR/nnVTBtavnB0=
github.com/go-git/go-git/v5 v5.4.2 h1:BXyZu9t0VkbiHtqrsvdq39UDhGJTl1h55VW6CSC4aY4=
github.com/go-git/go-git/v5 v5.4.2/go.mod h1:gQ1kArt6d+n+BGd+/B/I74HwRTLhth2+zti4ihgckDc=
github.com/go-test/deep v1.0.3 h1:ZrJSEWsXzPOxaZnFteGEfooLba+ju3FYIbOrS+rQd68=
github.com/go-test/deep v1.0.3/go.mod h1:wGDj63lr65AM2AQyKZd/NYHGb0R+1RLqB8NKt3aSFNA=
github.com/golang-jwt/jwt/v4 v4.5.0 h1:7cYmW1XlMY7h7ii7UhUyChSgS5wUJEnm9uZVTGqOWzg=
github.com/golang-jwt/jwt/v4 v4.5.0/go.mod h1:m21LjoU+eqJr34lmDMbreY2eSTRJ1cv77w39/MY0Ch0=
github.com/golang/glog v1.1.0/go.mod h1:pfYeQZ3JWZoXTV5sFc986z3HTpwQs9At6P4ImfuP3NQ=
github.com/golang/mock v1.6.0 h1:ErTB+efbowRARo13NNdxyJji2egdxLGQhRaY+DUumQc=
github.com/golang/mock v1.6.0/go.mod h1:p6yTPP+5HYm5mzsMV8JkE6ZKdX+/wYM6Hr+LicevLPs=
github.com/golang/protobuf v1.1.0/go.mod h1:6lQm79b+lXiMfvg/cZm0SGofjICqVBUtrP5yJMmIC1U=
github.com/golang/protobuf v1.2.0/go.mod h1:6lQm79b+lXiMfvg/cZm0SGofjICqVBUtrP5yJMmIC1U=
github.com/golang/protobuf v1.3.1/go.mod h1:6lQm79b+lXiMfvg/cZm0SGofjICqVBUtrP5yJMmIC1U=
github.com/golang/protobuf v1.3.4/go.mod h1:vzj43D7+SQXF/4pzW/hwtAqwc6iTitCiVSaWz5lYuqw=
github.com/golang/protobuf v1.5.0/go.mod h1:FsONVRAS9T7sI+LIUmWTfcYkHO4aIWwzhcaSAoJOfIk=
github.com/golang/protobuf v1.5.3 h1:KhyjKVUg7Usr/dYsdSqoFveMYd5ko72D+zANwlG1mmg=
github.com/golang/protobuf v1.5.3/go.mod h1:XVQd3VNwM+JqD3oG2Ue2ip4fOMUkwXdXDdiuN0vRsmY=
github.com/google/go-cmp v0.3.0/go.mod h1:8QqcDgzrUqlUb/G2PQTWiueGozuR1884gddMywk6iLU=
github.com/google/go-cmp v0.3.1/go.mod h1:8QqcDgzrUqlUb/G2PQTWiueGozuR1884gddMywk6iLU=
github.com/google/go-cmp v0.5.5/go.mod h1:v8dTdLbMG2kIc/vJvl+f65V22dbkXbowE6jgT/gNBxE=
github.com/google/go-cmp v0.5.8/go.mod h1:17dUlkBOakJ0+DkrSSNjCkIjxS6bF9zb3elmeNGIjoY=
github.com/google/go-cmp v0.5.9 h1:O2Tfq5qg4qc4AmwVlvv0oLiVAGB7enBSJ2x2DqQFi38=
github.com/google/go-cmp v0.5.9/go.mod h1:17dUlkBOakJ0+DkrSSNjCkIjxS6bF9zb3elmeNGIjoY=
github.com/google/uuid v1.1.1/go.mod h1:TIyPZe4MgqvfeYDBFedMoGGpEw/LqOeaOT+nhxU+yHo=
github.com/google/uuid v1.3.0 h1:t6JiXgmwXMjEs8VusXIJk2BXHsn+wx8BZdTaoZ5fu7I=
github.com/google/uuid v1.3.0/go.mod h1:TIyPZe4MgqvfeYDBFedMoGGpEw/LqOeaOT+nhxU+yHo=
github.com/hashicorp/errwrap v1.0.0 h1:hLrqtEDnRye3+sgx6z4qVLNuviH3MR5aQ0ykNJa/UYA=
github.com/hashicorp/errwrap v1.0.0/go.mod h1:YH+1FKiLXxHSkmPseP+kNlulaMuP3n2brvKWEqk/Jc4=
github.com/hashicorp/go-checkpoint v0.5.0 h1:MFYpPZCnQqQTE18jFwSII6eUQrD/oxMFp3mlgcqk5mU=
github.com/hashicorp/go-checkpoint v0.5.0/go.mod h1:7nfLNL10NsxqO4iWuW6tWW0HjZuDrwkBuEQsVcpCOgg=
github.com/hashicorp/go-cleanhttp v0.5.0/go.mod h1:JpRdi6/HCYpAwUzNwuwqhbovhLtngrth3wmdIIUrZ80=
github.com/hashicorp/go-cleanhttp v0.5.1/go.mod h1:JpRdi6/HCYpAwUzNwuwqhbovhLtngrth3wmdIIUrZ80=
github.com/hashicorp/go-cleanhttp v0.5.2 h1:035FKYIWjmULyFRBKPs8TBQoi0x6d9G4xc9neXJWAZQ=
github.com/hashicorp/go-cleanhttp v0.5.2/go.mod h1:kO/YDlP8L1346E6Sodw+PrpBSV4/SoxCXGY6BqNFT48=
github.com/hashicorp/go-cty v1.4.1-0.20200414143053-d3edf31b6320 h1:1/D3zfFHttUKaCaGKZ/dR2roBXv0vKbSCnssIldfQdI=
github.com/hashicorp/go-cty v1.4.1-0.20200414143053-d3edf31b6320/go.mod h1:EiZBMaudVLy8fmjf9Npq1dq9RalhveqZG5w/yz3mHWs=
github.com/hashicorp/go-hclog v1.2.1 h1:YQsLlGDJgwhXFpucSPyVbCBviQtjlHv3jLTlp8YmtEw=
github.com/hashicorp/go-hclog v1.2.1/go.mod h1:W4Qnvbt70Wk/zYJryRzDRU/4r0kIg0PVHBcfoyhpF5M=
github.com/hashicorp/go-multierror v1.1.1 h1:H5DkEtf6CXdFp0N0Em5UCwQpXMWke8IA0+lD48awMYo=
github.com/hashicorp/go-multierror v1.1.1/go.mod h1:iw975J/qwKPdAO1clOe2L8331t/9/fmwbPZ6JB6eMoM=
github.com/hashicorp/go-plugin v1.4.4 h1:NVdrSdFRt3SkZtNckJ6tog7gbpRrcbOjQi/rgF7JYWQ=
github.com/hashicorp/go-plugin v1.4.4/go.mod h1:viDMjcLJuDui6pXb8U4HVfb8AamCWhHGUjr2IrTF67s=
github.com/hashicorp/go-uuid v1.0.0/go.mod h1:6SBZvOh/SIDV7/2o3Jml5SYk/TvGqwFJ/bN7x4byOro=
github.com/hashicorp/go-uuid v1.0.3 h1:2gKiV6YVmrJ1i2CKKa9obLvRieoRGviZFL26PcT/Co8=
github.com/hashicorp/go-uuid v1.0.3/go.mod h1:6SBZvOh/SIDV7/2o3Jml5SYk/TvGqwFJ/bN7x4byOro=
github.com/hashicorp/go-version v1.2.0/go.mod h1:fltr4n8CU8Ke44wwGCBoEymUuxUHl09ZGVZPK5anwXA=
github.com/hashicorp/go-version v1.5.0/go.mod h1:fltr4n8CU8Ke44wwGCBoEymUuxUHl09ZGVZPK5anwXA=
github.com/hashicorp/go-version v1.6.0 h1:feTTfFNnjP967rlCxM/I9g701jU+RN74YKx2mOkIeek=
github.com/hashicorp/go-version v1.6.0/go.mod h1:fltr4n8CU8Ke44wwGCBoEymUuxUHl09ZGVZPK5anwXA=
github.com/hashicorp/hc-install v0.4.0 h1:cZkRFr1WVa0Ty6x5fTvL1TuO1flul231rWkGH92oYYk=
github.com/hashicorp/hc-install v0.4.0/go.mod h1:5d155H8EC5ewegao9A4PUTMNPZaq+TbOzkJJZ4vrXeI=
github.com/hashicorp/hcl/v2 v2.14.0 h1:jX6+Q38Ly9zaAJlAjnFVyeNSNCKKW8D0wvyg7vij5Wc=
github.com/hashicorp/hcl/v2 v2.14.0/go.mod h1:e4z5nxYlWNPdDSNYX+ph14EvWYMFm3eP0zIUqPc2jr0=
github.com/hashicorp/logutils v1.0.0 h1:dLEQVugN8vlakKOUE3ihGLTZJRB4j+M2cdTm/ORI65Y=
github.com/hashicorp/logutils v1.0.0/go.mod h1:QIAnNjmIWmVIIkWDTG1z5v++HQmx9WQRO+LraFDTW64=
github.com/hashicorp/terraform-exec v0.17.3 h1:MX14Kvnka/oWGmIkyuyvL6POx25ZmKrjlaclkx3eErU=
github.com/hashicorp/terraform-exec v0.17.3/go.mod h1:+NELG0EqQekJzhvikkeQsOAZpsw0cv/03rbeQJqscAI=
github.com/hashicorp/terraform-json v0.14.0 h1:sh9iZ1Y8IFJLx+xQiKHGud6/TSUCM0N8e17dKDpqV7s=
github.com/hashicorp/terraform-json v0.14.0/go.mod h1:5A9HIWPkk4e5aeeXIBbkcOvaZbIYnAIkEyqP2pNSckM=
github.com/hashicorp/terraform-plugin-go v0.14.0 h1:ttnSlS8bz3ZPYbMb84DpcPhY4F5DsQtcAS7cHo8uvP4=
github.com/hashicorp/terraform-plugin-go v0.14.0/go.mod h1:2nNCBeRLaenyQEi78xrGrs9hMbulveqG/zDMQSvVJTE=
github.com/hashicorp/terraform-plugin-log v0.7.0 h1:SDxJUyT8TwN4l5b5/VkiTIaQgY6R+Y2BQ0sRZftGKQs=
github.com/hashicorp/terraform-plugin-log v0.7.0/go.mod h1:p4R1jWBXRTvL4odmEkFfDdhUjHf9zcs/BCoNHAc7IK4=
github.com/hashicorp/terraform-plugin-sdk/v2 v2.23.0 h1:D4EeQm0piYXIHp6ZH3zjyP2Elq6voC64x3GZptaiefA=
github.com/hashicorp/terraform-plugin-sdk/v2 v2.23.0/go.mod h1:xkJGavPvP9kYS/VbiW8o7JuTNgPwm7Tiw/Ie/b46r4c=
github.com/hashicorp/terraform-registry-address v0.0.0-20220623143253-7d51757b572c h1:D8aRO6+mTqHfLsK/BC3j5OAoogv1WLRWzY1AaTo3rBg=
github.com/hashicorp/terraform-registry-address v0.0.0-20220623143253-7d51757b572c/go.mod h1:Wn3Na71knbXc1G8Lh+yu/dQWWJeFQEpDeJMtWMtlmNI=
github.com/hashicorp/terraform-svchost v0.0.0-20200729002733-f050f53b9734 h1:HKLsbzeOsfXmKNpr3GiT18XAblV0BjCbzL8KQAMZGa0=
github.com/hashicorp/terraform-svchost v0.0.0-20200729002733-f050f53b9734/go.mod h1:kNDNcF7sN4DocDLBkQYz73HGKwN1ANB1blq4lIYLYvg=
github.com/hashicorp/yamux v0.0.0-20181012175058-2f1d1f20f75d h1:kJCB4vdITiW1eC1vq2e6IsrXKrZit1bv/TDYFGMp4BQ=
github.com/hashicorp/yamux v0.0.0-20181012175058-2f1d1f20f75d/go.mod h1:+NfK9FKeTrX5uv1uIXGdwYDTeHna2qgaIlx54MXqjAM=
github.com/imdario/mergo v0.3.12 h1:b6R2BslTbIEToALKP7LxUvijTsNI9TAe80pLWN2g/HU=
github.com/imdario/mergo v0.3.12/go.mod h1:jmQim1M+e3UYxmgPu/WyfjB3N3VflVyUjjjwH0dnCYA=
github.com/jbenet/go-context v0.0.0-20150711004518-d14ea06fba99 h1:BQSFePA1RWJOlocH6Fxy8MmwDt+yVQYULKfN0RoTN8A=
github.com/jbenet/go-context v0.0.0-20150711004518-d14ea06fba99/go.mod h1:1lJo3i6rXxKeerYnT8Nvf0QmHCRC1n8sfWVwXF2Frvo=
github.com/jessevdk/go-flags v1.5.0/go.mod h1:Fw0T6WPc1dYxT4mKEZRfG5kJhaTDP9pj1c2EWnYs/m4=
github.com/jhump/protoreflect v1.6.0 h1:h5jfMVslIg6l29nsMs0D8Wj17RDVdNYti0vDN/PZZoE=
github.com/jhump/protoreflect v1.6.0/go.mod h1:eaTn3RZAmMBcV0fifFvlm6VHNz3wSkYyXYWUh7ymB74=
github.com/kevinburke/ssh_config v0.0.0-20201106050909-4977a11b4351 h1:DowS9hvgyYSX4TO5NpyC606/Z4SxnNYbT+WX27or6Ck=
github.com/kevinburke/ssh_config v0.0.0-20201106050909-4977a11b4351/go.mod h1:CT57kijsi8u/K/BOFA39wgDQJ9CxiF4nAY/ojJ6r6mM=
github.com/konsorten/go-windows-terminal-sequences v1.0.1/go.mod h1:T0+1ngSBFLxvqU3pZ+m/2kptfBszLMUkC4ZK/EgS/cQ=
github.com/kr/pretty v0.1.0/go.mod h1:dAy3ld7l9f0ibDNOQOHHMYYIIbhfbHSm3C4ZsoJORNo=
github.com/kr/pretty v0.2.1 h1:Fmg33tUaq4/8ym9TJN1x7sLJnHVwhP33CNkpYV/7rwI=
github.com/kr/pretty v0.2.1/go.mod h1:ipq/a2n7PKx3OHsz4KJII5eveXtPO4qwEXGdVfWzfnI=
github.com/kr/pty v1.1.1/go.mod h1:pFQYn66WHrOpPYNljwOMqo10TkYh1fy3cYio2l3bCsQ=
github.com/kr/text v0.1.0/go.mod h1:4Jbv+DJW3UT/LiOwJeYQe1efqtUx/iVham/4vfdArNI=
github.com/kr/text v0.2.0 h1:5Nx0Ya0ZqY2ygV366QzturHI13Jq95ApcVaJBhpS+AY=
github.com/kr/text v0.2.0/go.mod h1:eLer722TekiGuMkidMxC/pM04lWEeraHUUmBw8l2grE=
github.com/kylelemons/godebug v0.0.0-20170820004349-d65d576e9348/go.mod h1:B69LEHPfb2qLo0BaaOLcbitczOKLWTsrBG9LczfCD4k=
github.com/kylelemons/godebug v1.1.0 h1:RPNrshWIDI6G2gRW9EHilWtl7Z6Sb1BR0xunSBf0SNc=
github.com/kylelemons/godebug v1.1.0/go.mod h1:9/0rRGxNHcop5bhtWyNeEfOS8JIWk580+fNqagV/RAw=
github.com/matryer/is v1.2.0/go.mod h1:2fLPjFQM9rhQ15aVEtbuwhJinnOqrmgXPNdZsdwlWXA=
github.com/mattn/go-colorable v0.1.9/go.mod h1:u6P/XSegPjTcexA+o6vUJrdnUu04hMope9wVRipJSqc=
github.com/mattn/go-colorable v0.1.12 h1:jF+Du6AlPIjs2BiUiQlKOX0rt3SujHxPnksPKZbaA40=
github.com/mattn/go-colorable v0.1.12/go.mod h1:u5H1YNBxpqRaxsYJYSkiCWKzEfiAb1Gb520KVy5xxl4=
github.com/mattn/go-isatty v0.0.12/go.mod h1:cbi8OIDigv2wuxKPP5vlRcQ1OAZbq2CE4Kysco4FUpU=
github.com/mattn/go-isatty v0.0.14 h1:yVuAays6BHfxijgZPzw+3Zlu5yQgKGP2/hcQbHb7S9Y=
github.com/mattn/go-isatty v0.0.14/go.mod h1:7GGIvUiUoEMVVmxf/4nioHXj79iQHKdU27kJ6hsGG94=
github.com/microsoft/azure-devops-go-api/azuredevops v1.0.0-b5 h1:YH424zrwLTlyHSH/GzLMJeu5zhYVZSx5RQxGKm1h96s=
github.com/microsoft/azure-devops-go-api/azuredevops v1.0.0-b5/go.mod h1:PoGiBqKSQK1vIfQ+yVaFcGjDySHvym6FM1cNYnwzbrY=
github.com/microsoft/azure-devops-go-api/azuredevops/v7 v7.1.0 h1:mmJCWLe63QvybxhW1iBmQWEaCKdc4SKgALfTNZ+OphU=
github.com/microsoft/azure-devops-go-api/azuredevops/v7 v7.1.0/go.mod h1:mDunUZ1IUJdJIRHvFb+LPBUtxe3AYB5MI6BMXNg8194=
github.com/mitchellh/copystructure v1.2.0 h1:vpKXTN4ewci03Vljg/q9QvCGUDttBOGBIa15WveJJGw=
github.com/mitchellh/copystructure v1.2.0/go.mod h1:qLl+cE2AmVv+CoeAwDPye/v+N2HKCj9FbZEVFJRxO9s=
github.com/mitchellh/go-homedir v1.1.0 h1:lukF9ziXFxDFPkA1vsr5zpc1XuPDn/wFntq5mG+4E0Y=
github.com/mitchellh/go-homedir v1.1.0/go.mod h1:SfyaCUpYCn1Vlf4IUYiD9fPX4A5wJrkLzIz1N1q0pr0=
github.com/mitchellh/go-testing-interface v1.14.1 h1:jrgshOhYAUVNMAJiKbEu7EqAwgJJ2JqpQmpLJOu07cU=
github.com/mitchellh/go-testing-interface v1.14.1/go.mod h1:gfgS7OtZj6MA4U1UrDRp04twqAjfvlZyCfX3sDjEym8=
github.com/mitchellh/go-wordwrap v1.0.0 h1:6GlHJ/LTGMrIJbwgdqdl2eEH8o+Exx/0m8ir9Gns0u4=
github.com/mitchellh/go-wordwrap v1.0.0/go.mod h1:ZXFpozHsX6DPmq2I0TCekCxypsnAUbP2oI0UX1GXzOo=
github.com/mitchellh/mapstructure v1.5.0 h1:jeMsZIYE/09sWLaz43PL7Gy6RuMjD2eJVyuac5Z2hdY=
github.com/mitchellh/mapstructure v1.5.0/go.mod h1:bFUtVrKA4DC2yAKiSyO/QUcy7e+RRV2QTWOzhPopBRo=
github.com/mitchellh/reflectwalk v1.0.2 h1:G2LzWKi524PWgd3mLHV8Y5k7s6XUvT0Gef6zxSIeXaQ=
github.com/mitchellh/reflectwalk v1.0.2/go.mod h1:mSTlrgnPZtwu0c4WaC2kGObEpuNDbx0jmZXqmk4esnw=
github.com/montanaflynn/stats v0.7.0/go.mod h1:etXPPgVO6n31NxCd9KQUMvCM+ve0ruNzt6R8Bnaayow=
github.com/niemeyer/pretty v0.0.0-20200227124842-a10e7caefd8e/go.mod h1:zD1mROLANZcx1PVRCS0qkT7pwLkGfwJo4zjcN/Tysno=
github.com/nsf/jsondiff v0.0.0-20200515183724-f29ed568f4ce h1:RPclfga2SEJmgMmz2k+Mg7cowZ8yv4Trqw9UsJby758=
github.com/nsf/jsondiff v0.0.0-20200515183724-f29ed568f4ce/go.mod h1:uFMI8w+ref4v2r9jz+c9i1IfIttS/OkmLfrk1jne5hs=
github.com/oklog/run v1.0.0 h1:Ru7dDtJNOyC66gQ5dQmaCa0qIsAUFY3sFpK1Xk8igrw=
github.com/oklog/run v1.0.0/go.mod h1:dlhp/R75TPv97u0XWUtDeV/lRKWPKSdTuV0TZvrmrQA=
github.com/pkg/browser v0.0.0-20210911075715-681adbf594b8 h1:KoWmjvw+nsYOo29YJK9vDA65RGE3NrOnUtO7a+RF9HU=
github.com/pkg/browser v0.0.0-20210911075715-681adbf594b8/go.mod h1:HKlIX3XHQyzLZPlr7++PzdhaXEj94dEiJgZDTsxEqUI=
github.com/pkg/errors v0.8.1/go.mod h1:bwawxfHBFNV+L2hUp1rHADufV3IMtnDRdf1r5NINEl0=
github.com/pkg/errors v0.9.1/go.mod h1:bwawxfHBFNV+L2hUp1rHADufV3IMtnDRdf1r5NINEl0=
github.com/pmezard/go-difflib v1.0.0 h1:4DBwDE0NGyQoBHbLQYPwSUPoCMWR5BEzIk/f1lZbAQM=
github.com/pmezard/go-difflib v1.0.0/go.mod h1:iKH77koFhYxTK1pcRnkKkqfTogsbg7gZNVY4sRDYZ/4=
github.com/sebdah/goldie v1.0.0/go.mod h1:jXP4hmWywNEwZzhMuv2ccnqTSFpuq8iyQhtQdkkZBH4=
github.com/sergi/go-diff v1.1.0/go.mod h1:STckp+ISIX8hZLjrqAeVduY0gWCT9IjLuqbuNXdaHfM=
github.com/sergi/go-diff v1.2.0 h1:XU+rvMAioB0UC3q1MFrIQy4Vo5/4VsRDQQXHsEya6xQ=
github.com/sergi/go-diff v1.2.0/go.mod h1:STckp+ISIX8hZLjrqAeVduY0gWCT9IjLuqbuNXdaHfM=
github.com/sirupsen/logrus v1.4.1/go.mod h1:ni0Sbl8bgC9z8RoU9G6nDWqqs/fq4eDPysMBDgk/93Q=
github.com/spf13/pflag v1.0.2/go.mod h1:DYY7MBk1bdzusC3SYhjObp+wFpr4gzcvqqNjLnInEg4=
github.com/stretchr/objx v0.1.0/go.mod h1:HFkY916IF+rwdDfMAkV7OtwuqBVzrE8GR6GFx+wExME=
github.com/stretchr/objx v0.1.1/go.mod h1:HFkY916IF+rwdDfMAkV7OtwuqBVzrE8GR6GFx+wExME=
github.com/stretchr/testify v1.2.2/go.mod h1:a8OnRcib4nhh0OaRAV+Yts87kKdq0PP7pXfy6kDkUVs=
github.com/stretchr/testify v1.3.0/go.mod h1:M5WIy9Dh21IEIfnGCwXGc5bZfKNJtfHm1UVUgZn+9EI=
github.com/stretchr/testify v1.4.0/go.mod h1:j7eGeouHqKxXV5pUuKE4zz7dFj8WfuZ+81PSLYec5m4=
github.com/stretchr/testify v1.7.0/go.mod h1:6Fq8oRcR53rry900zMqJjRRixrwX3KX962/h/Wwjteg=
github.com/stretchr/testify v1.7.2 h1:4jaiDzPyXQvSd7D0EjG45355tLlV3VOECpq10pLC+8s=
github.com/stretchr/testify v1.7.2/go.mod h1:R6va5+xMeoiuVRoj+gSkQ7d3FALtqAAGI1FQKckRals=
github.com/vmihailenco/msgpack v3.3.3+incompatible/go.mod h1:fy3FlTQTDXWkZ7Bh6AcGMlsjHatGryHQYUTf1ShIgkk=
github.com/vmihailenco/msgpack v4.0.4+incompatible h1:dSLoQfGFAo3F6OoNhwUmLwVgaUXK79GlxNBwueZn0xI=
github.com/vmihailenco/msgpack v4.0.4+incompatible/go.mod h1:fy3FlTQTDXWkZ7Bh6AcGMlsjHatGryHQYUTf1ShIgkk=
github.com/vmihailenco/msgpack/v4 v4.3.12 h1:07s4sz9IReOgdikxLTKNbBdqDMLsjPKXwvCazn8G65U=
github.com/vmihailenco/msgpack/v4 v4.3.12/go.mod h1:gborTTJjAo/GWTqqRjrLCn9pgNN+NXzzngzBKDPIqw4=
github.com/vmihailenco/tagparser v0.1.1 h1:quXMXlA39OCbd2wAdTsGDlK9RkOk6Wuw+x37wVyIuWY=
github.com/vmihailenco/tagparser v0.1.1/go.mod h1:OeAg3pn3UbLjkWt+rN9oFYB6u/cQgqMEUPoW2WPyhdI=
github.com/xanzy/ssh-agent v0.3.0 h1:wUMzuKtKilRgBAD1sUb8gOwwRr2FGoBVumcjoOACClI=
github.com/xanzy/ssh-agent v0.3.0/go.mod h1:3s9xbODqPuuhK9JV1R321M/FlMZSBvE5aY6eAcqrDh0=
github.com/yuin/goldmark v1.3.5/go.mod h1:mwnBkeHKe2W/ZEtQ+71ViKU8L12m81fl3OWwC1Zlc8k=
github.com/yuin/goldmark v1.4.13/go.mod h1:6yULJ656Px+3vBD8DxQVa3kxgyrAnzto9xy5taEt/CY=
github.com/zclconf/go-cty v1.1.0/go.mod h1:xnAOWiHeOqg2nWS62VtQ7pbOu17FtxJNW8RLEih+O3s=
github.com/zclconf/go-cty v1.2.0/go.mod h1:hOPWgoHbaTUnI5k4D2ld+GRpFJSCe6bCM7m1q/N4PQ8=
github.com/zclconf/go-cty v1.10.0/go.mod h1:vVKLxnk3puL4qRAv72AO+W99LUD4da90g3uUAzyuvAk=
github.com/zclconf/go-cty v1.11.0 h1:726SxLdi2SDnjY+BStqB9J1hNp4+2WlzyXLuimibIe0=
github.com/zclconf/go-cty v1.11.0/go.mod h1:s9IfD1LK5ccNMSWCVFCE2rJfHiZgi7JijgeWIMfhLvA=
github.com/zclconf/go-cty-debug v0.0.0-20191215020915-b22d67c1ba0b/go.mod h1:ZRKQfBXbGkpdV6QMzT3rU1kSTAnfu1dO8dPKjYprgj8=
golang.org/x/crypto v0.0.0-20190219172222-a4c6cb3142f2/go.mod h1:6SG95UA2DQfeDnfUPMdvaQW0Q7yPrPDi9nlGo2tz2b4=
golang.org/x/crypto v0.0.0-20190308221718-c2843e01d9a2/go.mod h1:djNgcEr1/C05ACkg1iLfiJU5Ep61QUkGW8qpdssI0+w=
golang.org/x/crypto v0.0.0-20191011191535-87dc89f01550/go.mod h1:yigFU9vqHzYiE8UmvKecakEJjdnWj3jj499lnFckfCI=
golang.org/x/crypto v0.0.0-20210322153248-0c34fe9e7dc2/go.mod h1:T9bdIzuCu7OtxOm1hfPfRQxPLYneinmdGuTeoZ9dtd4=
golang.org/x/crypto v0.0.0-20210421170649-83a5a9bb288b/go.mod h1:T9bdIzuCu7OtxOm1hfPfRQxPLYneinmdGuTeoZ9dtd4=
golang.org/x/crypto v0.0.0-20210616213533-5ff15b29337e/go.mod h1:GvvjBRRGRdwPK5ydBHafDWAxML/pGHZbMvKqRZ5+Abc=
golang.org/x/crypto v0.17.0 h1:r8bRNjWL3GshPW3gkd+RpvzWrZAwPS49OmTGZ/uhM4k=
golang.org/x/crypto v0.17.0/go.mod h1:gCAAfMLgwOJRpTjQ2zCCt2OcSfYMTeZVSRtQlPC7Nq4=
golang.org/x/mod v0.4.2/go.mod h1:s0Qsj1ACt9ePp/hMypM3fl4fZqREWJwdYDEqhRiZZUA=
golang.org/x/mod v0.8.0 h1:LUYupSeNrTNCGzR/hVBk2NHZO4hXcVaW1k4Qx7rjPx8=
golang.org/x/mod v0.8.0/go.mod h1:iBbtSCu2XBx23ZKBPSOrRkjjQPZFPuis4dIYUhu/chs=
golang.org/x/net v0.0.0-20180724234803-3673e40ba225/go.mod h1:mL1N/T3taQHkDXs73rZJwtUhF3w3ftmwwsq0BUmARs4=
golang.org/x/net v0.0.0-20180811021610-c39426892332/go.mod h1:mL1N/T3taQHkDXs73rZJwtUhF3w3ftmwwsq0BUmARs4=
golang.org/x/net v0.0.0-20190108225652-1e06a53dbb7e/go.mod h1:mL1N/T3taQHkDXs73rZJwtUhF3w3ftmwwsq0BUmARs4=
golang.org/x/net v0.0.0-20190404232315-eb5bcb51f2a3/go.mod h1:t9HGtf8HONx5eT2rtn7q6eTqICYqUVnKs3thJo3Qplg=
golang.org/x/net v0.0.0-20190603091049-60506f45cf65/go.mod h1:HSz+uSET+XFnRR8LxR5pz3Of3rY3CfYBVs4xY44aLks=
golang.org/x/net v0.0.0-20190620200207-3b0461eec859/go.mod h1:z5CRVTTTmAJ677TzLLGU+0bjPO0LkuOLi4/5GtJWs/s=
golang.org/x/net v0.0.0-20191009170851-d66e71096ffb/go.mod h1:z5CRVTTTmAJ677TzLLGU+0bjPO0LkuOLi4/5GtJWs/s=
golang.org/x/net v0.0.0-20200301022130-244492dfa37a/go.mod h1:z5CRVTTTmAJ677TzLLGU+0bjPO0LkuOLi4/5GtJWs/s=
golang.org/x/net v0.0.0-20210119194325-5f4716e94777/go.mod h1:m0MpNAwzfU5UDzcl9v0D8zg8gWTRqZa9RBIspLL5mdg=
golang.org/x/net v0.0.0-20210226172049-e18ecbb05110/go.mod h1:m0MpNAwzfU5UDzcl9v0D8zg8gWTRqZa9RBIspLL5mdg=
golang.org/x/net v0.0.0-20210326060303-6b1517762897/go.mod h1:uSPa2vr4CLtc/ILN5odXGNXS6mhrKVzTaCXzk9m6W3k=
golang.org/x/net v0.0.0-20210405180319-a5a99cb37ef4/go.mod h1:p54w0d4576C0XHj96bSt6lcn1PtDYWL6XObtHCRCNQM=
golang.org/x/net v0.17.0 h1:pVaXccu2ozPjCXewfr1S7xza/zcXTity9cCdXQYSjIM=
golang.org/x/net v0.17.0/go.mod h1:NxSsAGuq816PNPmqtQdLE42eU2Fs7NoRIZrHJAlaCOE=
golang.org/x/oauth2 v0.0.0-20190604053449-0f29369cfe45/go.mod h1:gOpvHmFTYa4IltrdGE7lF6nIHvwfUNPOp7c8zoXwtLw=
golang.org/x/oauth2 v0.7.0/go.mod h1:hPLQkd9LyjfXTiRohC/41GhcFqxisoUQ99sCUOHO9x4=
golang.org/x/sync v0.0.0-20180314180146-1d60e4601c6f/go.mod h1:RxMgew5VJxzue5/jJTE5uejpjVlOe/izrB70Jof72aM=
golang.org/x/sync v0.0.0-20181221193216-37e7f081c4d4/go.mod h1:RxMgew5VJxzue5/jJTE5uejpjVlOe/izrB70Jof72aM=
golang.org/x/sync v0.0.0-20190423024810-112230192c58/go.mod h1:RxMgew5VJxzue5/jJTE5uejpjVlOe/izrB70Jof72aM=
golang.org/x/sync v0.0.0-20210220032951-036812b2e83c/go.mod h1:RxMgew5VJxzue5/jJTE5uejpjVlOe/izrB70Jof72aM=
golang.org/x/sync v0.1.0/go.mod h1:RxMgew5VJxzue5/jJTE5uejpjVlOe/izrB70Jof72aM=
golang.org/x/sys v0.0.0-20180905080454-ebe1bf3edb33/go.mod h1:STP8DvDyc/dI5b8T5hshtkjS+E42TnysNCUPdjciGhY=
golang.org/x/sys v0.0.0-20190215142949-d0b11bdaac8a/go.mod h1:STP8DvDyc/dI5b8T5hshtkjS+E42TnysNCUPdjciGhY=
golang.org/x/sys v0.0.0-20190412213103-97732733099d/go.mod h1:h1NjWce9XRLGQEsW7wpKNCjG9DtNlClVuFLEZdDNbEs=
golang.org/x/sys v0.0.0-20190507160741-ecd444e8653b/go.mod h1:h1NjWce9XRLGQEsW7wpKNCjG9DtNlClVuFLEZdDNbEs=
golang.org/x/sys v0.0.0-20190916202348-b4ddaad3f8a3/go.mod h1:h1NjWce9XRLGQEsW7wpKNCjG9DtNlClVuFLEZdDNbEs=
golang.org/x/sys v0.0.0-20200116001909-b77594299b42/go.mod h1:h1NjWce9XRLGQEsW7wpKNCjG9DtNlClVuFLEZdDNbEs=
golang.org/x/sys v0.0.0-20200223170610-d5e6a3e2c0ae/go.mod h1:h1NjWce9XRLGQEsW7wpKNCjG9DtNlClVuFLEZdDNbEs=
golang.org/x/sys v0.0.0-20200302150141-5c8b2ff67527/go.mod h1:h1NjWce9XRLGQEsW7wpKNCjG9DtNlClVuFLEZdDNbEs=
golang.org/x/sys v0.0.0-20201119102817-f84b799fce68/go.mod h1:h1NjWce9XRLGQEsW7wpKNCjG9DtNlClVuFLEZdDNbEs=
golang.org/x/sys v0.0.0-20210320140829-1e4c9ba3b0c4/go.mod h1:h1NjWce9XRLGQEsW7wpKNCjG9DtNlClVuFLEZdDNbEs=
golang.org/x/sys v0.0.0-20210324051608-47abb6519492/go.mod h1:h1NjWce9XRLGQEsW7wpKNCjG9DtNlClVuFLEZdDNbEs=
golang.org/x/sys v0.0.0-20210330210617-4fbd30eecc44/go.mod h1:h1NjWce9XRLGQEsW7wpKNCjG9DtNlClVuFLEZdDNbEs=
golang.org/x/sys v0.0.0-20210502180810-71e4cd670f79/go.mod h1:h1NjWce9XRLGQEsW7wpKNCjG9DtNlClVuFLEZdDNbEs=
golang.org/x/sys v0.0.0-20210510120138-977fb7262007/go.mod h1:oPkhp1MJrh7nUepCBck5+mAzfO9JrbApNNgaTdGDITg=
golang.org/x/sys v0.0.0-20210615035016-665e8c7367d1/go.mod h1:oPkhp1MJrh7nUepCBck5+mAzfO9JrbApNNgaTdGDITg=
golang.org/x/sys v0.0.0-20210616045830-e2b7044e8c71/go.mod h1:oPkhp1MJrh7nUepCBck5+mAzfO9JrbApNNgaTdGDITg=
golang.org/x/sys v0.0.0-20210630005230-0f9fa26af87c/go.mod h1:oPkhp1MJrh7nUepCBck5+mAzfO9JrbApNNgaTdGDITg=
golang.org/x/sys v0.0.0-20210927094055-39ccf1dd6fa6/go.mod h1:oPkhp1MJrh7nUepCBck5+mAzfO9JrbApNNgaTdGDITg=
golang.org/x/sys v0.0.0-20220503163025-988cb79eb6c6/go.mod h1:oPkhp1MJrh7nUepCBck5+mAzfO9JrbApNNgaTdGDITg=
golang.org/x/sys v0.15.0 h1:h48lPFYpsTvQJZF4EKyI4aLHaev3CxivZmv7yZig9pc=
golang.org/x/sys v0.15.0/go.mod h1:/VUhepiaJMQUp4+oa/7Zr1D23ma6VTLIYjOOTFZPUcA=
golang.org/x/term v0.0.0-20201126162022-7de9c90e9dd1/go.mod h1:bj7SfCRtBDWHUb9snDiAeCFNEtKQo2Wmx5Cou7ajbmo=
golang.org/x/term v0.15.0 h1:y/Oo/a/q3IXu26lQgl04j/gjuBDOBlx7X6Om1j2CPW4=
golang.org/x/term v0.15.0/go.mod h1:BDl952bC7+uMoWR75FIrCDx79TPU9oHkTZ9yRbYOrX0=
golang.org/x/text v0.3.0/go.mod h1:NqM8EUOU14njkJ3fqMW+pc6Ldnwhi/IjpwHt7yyuwOQ=
golang.org/x/text v0.3.2/go.mod h1:bEr9sfX3Q8Zfm5fL9x+3itogRgK3+ptLWKqgva+5dAk=
golang.org/x/text v0.3.3/go.mod h1:5Zoc/QRtKVWzQhOtBMvqHzDpF6irO9z98xDceosuGiQ=
golang.org/x/text v0.3.5/go.mod h1:5Zoc/QRtKVWzQhOtBMvqHzDpF6irO9z98xDceosuGiQ=
golang.org/x/text v0.14.0 h1:ScX5w1eTa3QqT8oi6+ziP7dTV1S2+ALU0bI+0zXKWiQ=
golang.org/x/text v0.14.0/go.mod h1:18ZOQIKpY8NJVqYksKHtTdi31H5itFRjB5/qKTNYzSU=
golang.org/x/tools v0.0.0-20180917221912-90fa682c2a6e/go.mod h1:n7NCudcB/nEzxVGmLbDWY5pfWTLqBcC2KZ6jyYvM4mQ=
golang.org/x/tools v0.0.0-20191119224855-298f0cb1881e/go.mod h1:b+2E5dAYhXwXZwtnZ6UAqBI28+e2cm9otk0dWdXHAEo=
golang.org/x/tools v0.1.1/go.mod h1:o0xws9oXOQQZyjljx8fwUC0k7L1pTE6eaCbjGeHmOkk=
golang.org/x/tools v0.6.0 h1:BOw41kyTf3PuCW1pVQf8+Cyg8pMlkYB1oo9iJ6D/lKM=
golang.org/x/tools v0.6.0/go.mod h1:Xwgl3UAJ/d3gWutnCtw505GrjyAbvKui8lOU390QaIU=
golang.org/x/xerrors v0.0.0-20190717185122-a985d3407aa7/go.mod h1:I/5z698sn9Ka8TeJc9MKroUUfqBBauWjQqLJ2OPfmY0=
golang.org/x/xerrors v0.0.0-20191011141410-1b5146add898/go.mod h1:I/5z698sn9Ka8TeJc9MKroUUfqBBauWjQqLJ2OPfmY0=
golang.org/x/xerrors v0.0.0-20191204190536-9bdfabe68543/go.mod h1:I/5z698sn9Ka8TeJc9MKroUUfqBBauWjQqLJ2OPfmY0=
golang.org/x/xerrors v0.0.0-20200804184101-5ec99f83aff1/go.mod h1:I/5z698sn9Ka8TeJc9MKroUUfqBBauWjQqLJ2OPfmY0=
google.golang.org/appengine v1.1.0/go.mod h1:EbEs0AVv82hx2wNQdGPgUI5lhzA/G0D9YwlJXL52JkM=
google.golang.org/appengine v1.4.0/go.mod h1:xpcJRLb0r/rnEns0DIKYYv+WjYCduHsrkT7/EB5XEv4=
google.golang.org/appengine v1.6.5/go.mod h1:8WjMMxjGQR8xUklV/ARdw2HLXBOI7O7uCIDZVag1xfc=
google.golang.org/appengine v1.6.7 h1:FZR1q0exgwxzPzp/aF+VccGrSfxfPpkBqjIIEq3ru6c=
google.golang.org/appengine v1.6.7/go.mod h1:8WjMMxjGQR8xUklV/ARdw2HLXBOI7O7uCIDZVag1xfc=
google.golang.org/genproto v0.0.0-20230410155749-daa745c078e1 h1:KpwkzHKEF7B9Zxg18WzOa7djJ+Ha5DzthMyZYQfEn2A=
google.golang.org/genproto v0.0.0-20230410155749-daa745c078e1/go.mod h1:nKE/iIaLqn2bQwXBg8f1g2Ylh6r5MN5CmZvuzZCgsCU=
google.golang.org/grpc v1.56.3 h1:8I4C0Yq1EjstUzUJzpcRVbuYA2mODtEmpWiQoN/b2nc=
google.golang.org/grpc v1.56.3/go.mod h1:I9bI3vqKfayGqPUAwGdOSu7kt6oIJLixfffKrpXqQ9s=
google.golang.org/grpc/cmd/protoc-gen-go-grpc v1.2.0/go.mod h1:DNq5QpG7LJqD2AamLZ7zvKE0DEpVl2BSEVjFycAAjRY=
google.golang.org/protobuf v1.26.0-rc.1/go.mod h1:jlhhOSvTdKEhbULTjvd4ARK9grFBp09yW+WbY/TyQbw=
google.golang.org/protobuf v1.26.0/go.mod h1:9q0QmTI4eRPtz6boOQmLYwt+qCgq0jsYwAQnmE0givc=
google.golang.org/protobuf v1.33.0 h1:uNO2rsAINq/JlFpSdYEKIZ0uKD/R9cpdv0T+yoGwGmI=
google.golang.org/protobuf v1.33.0/go.mod h1:c6P6GXX6sHbq/GpV6MGZEdwhWPcYBgnhAHhKbcUYpos=
gopkg.in/check.v1 v0.0.0-20161208181325-20d25e280405/go.mod h1:Co6ibVJAznAaIkqp8huTwlJQCZ016jof/cbN4VW5Yz0=
gopkg.in/check.v1 v1.0.0-20180628173108-788fd7840127/go.mod h1:Co6ibVJAznAaIkqp8huTwlJQCZ016jof/cbN4VW5Yz0=
gopkg.in/check.v1 v1.0.0-20190902080502-41f04d3bba15/go.mod h1:Co6ibVJAznAaIkqp8huTwlJQCZ016jof/cbN4VW5Yz0=
gopkg.in/check.v1 v1.0.0-20200227125254-8fa46927fb4f/go.mod h1:Co6ibVJAznAaIkqp8huTwlJQCZ016jof/cbN4VW5Yz0=
gopkg.in/check.v1 v1.0.0-20201130134442-10cb98267c6c h1:Hei/4ADfdWqJk1ZMxUNpqntNwaWcugrBjAiHlqqRiVk=
gopkg.in/check.v1 v1.0.0-20201130134442-10cb98267c6c/go.mod h1:JHkPIbrfpd72SG/EVd6muEfDQjcINNoR0C8j2r3qZ4Q=
gopkg.in/warnings.v0 v0.1.2 h1:wFXVbFY8DY5/xOe1ECiWdKCzZlxgshcYVNkBHstARME=
gopkg.in/warnings.v0 v0.1.2/go.mod h1:jksf8JmL6Qr/oQM2OXTHunEvvTAsrWBLb6OOjuVWRNI=
gopkg.in/yaml.v2 v2.2.2/go.mod h1:hI93XBmqTisBFMUTm0b8Fm+jr3Dg1NNxqwp+5A1VGuI=
gopkg.in/yaml.v2 v2.2.4/go.mod h1:hI93XBmqTisBFMUTm0b8Fm+jr3Dg1NNxqwp+5A1VGuI=
gopkg.in/yaml.v2 v2.3.0/go.mod h1:hI93XBmqTisBFMUTm0b8Fm+jr3Dg1NNxqwp+5A1VGuI=
gopkg.in/yaml.v2 v2.4.0 h1:D8xgwECY7CYvx+Y2n4sBz93Jn9JRvxdiyyo8CTfuKaY=
gopkg.in/yaml.v2 v2.4.0/go.mod h1:RDklbk79AGWmwhnvt/jBztapEOGDOx6ZbXqjP6csGnQ=
gopkg.in/yaml.v3 v3.0.0-20200313102051-9f266ea9e77c/go.mod h1:K4uyk7z7BCEPqu6E+C64Yfv1cQ7kz7rIZviUmN+EgEM=
gopkg.in/yaml.v3 v3.0.1 h1:fxVm/GzAzEWqLHuvctI91KS9hhNmmWOoWu0XTYJS7CA=
gopkg.in/yaml.v3 v3.0.1/go.mod h1:K4uyk7z7BCEPqu6E+C64Yfv1cQ7kz7rIZviUmN+EgEM=
